{
    "_meta": {
        "hash": {
            "sha256": "b9037865975bf02739d4fa8e173e2841703e6603157f80132e714ad995f6dbf2"
        },
        "pipfile-spec": 6,
        "requires": {
            "python_version": "3.10"
        },
        "sources": [
            {
                "name": "pypi",
                "url": "https://pypi.org/simple",
                "verify_ssl": true
            }
        ]
    },
    "default": {
        "asgiref": {
            "hashes": [
                "sha256:3e1e3ecc849832fe52ccf2cb6686b7a55f82bb1d6aee72a58826471390335e47",
                "sha256:c343bd80a0bec947a9860adb4c432ffa7db769836c64238fc34bdc3fec84d590"
            ],
            "markers": "python_version >= '3.8'",
            "version": "==3.8.1"
        },
        "beautifulsoup4": {
            "hashes": [
                "sha256:74e3d1928edc070d21748185c46e3fb33490f22f52a3addee9aee0f4f7781051",
                "sha256:b80878c9f40111313e55da8ba20bdba06d8fa3969fc68304167741bbf9e082ed"
            ],
            "markers": "python_full_version >= '3.6.0'",
            "version": "==4.12.3"
        },
        "cachetools": {
            "hashes": [
                "sha256:0abad1021d3f8325b2fc1d2e9c8b9c9d57b04c3932657a72465447332c24d945",
                "sha256:ba29e2dfa0b8b556606f097407ed1aa62080ee108ab0dc5ec9d6a723a007d105"
            ],
            "markers": "python_version >= '3.7'",
            "version": "==5.3.3"
        },
        "decorator": {
            "hashes": [
                "sha256:637996211036b6385ef91435e4fae22989472f9d571faba8927ba8253acbc330",
                "sha256:b8c3f85900b9dc423225913c5aace94729fe1fa9763b38939a95226f02d37186"
            ],
            "markers": "python_version >= '3.5'",
            "version": "==5.1.1"
        },
        "django": {
            "hashes": [
                "sha256:8363ac062bb4ef7c3f12d078f6fa5d154031d129a15170a1066412af49d30905",
                "sha256:ff1b61005004e476e0aeea47c7f79b85864c70124030e95146315396f1e7951f"
            ],
            "index": "pypi",
            "markers": "python_version >= '3.10'",
            "version": "==5.0.6"
        },
        "django-debug-toolbar": {
            "hashes": [
                "sha256:5d7afb2ea5f8730241e5b0735396e16cd1fd8c6b53a2f3e1e30bbab9abb23728",
                "sha256:9204050fcb1e4f74216c5b024bc76081451926a6303993d6c513f5e142675927"
            ],
            "index": "pypi",
            "markers": "python_version >= '3.8'",
            "version": "==4.4.2"
        },
        "django-unicorn": {
            "hashes": [
                "sha256:763eb7a654d9703398044dc697af381e8c6b4bf0e3c3e3806e6714d5ca50a592",
                "sha256:fe988e32dbf71a47435b456be6b6e146391af365097b8a51bfe56a2648822919"
            ],
            "index": "pypi",
            "markers": "python_version >= '3.8' and python_version < '4'",
            "version": "==0.60.0"
        },
        "mysqlclient": {
            "hashes": [
                "sha256:329e4eec086a2336fe3541f1ce095d87a6f169d1cc8ba7b04ac68bcb234c9711",
                "sha256:33bc9fb3464e7d7c10b1eaf7336c5ff8f2a3d3b88bab432116ad2490beb3bf41",
                "sha256:3c318755e06df599338dad7625f884b8a71fcf322a9939ef78c9b3db93e1de7a",
                "sha256:4e80dcad884dd6e14949ac6daf769123223a52a6805345608bf49cdaf7bc8b3a",
                "sha256:9d3310295cb682232cadc28abd172f406c718b9ada41d2371259098ae37779d3",
                "sha256:9d4c015480c4a6b2b1602eccd9846103fc70606244788d04aa14b31c4bd1f0e2",
                "sha256:ac44777eab0a66c14cb0d38965572f762e193ec2e5c0723bcd11319cc5b693c5",
                "sha256:d43987bb9626096a302ca6ddcdd81feaeca65ced1d5fe892a6a66b808326aa54",
                "sha256:e1ebe3f41d152d7cb7c265349fdb7f1eca86ccb0ca24a90036cde48e00ceb2ab"
            ],
            "index": "pypi",
            "markers": "python_version >= '3.8'",
            "version": "==2.2.4"
        },
        "orjson": {
            "hashes": [
                "sha256:03b565c3b93f5d6e001db48b747d31ea3819b89abf041ee10ac6988886d18e01",
                "sha256:099e81a5975237fda3100f918839af95f42f981447ba8f47adb7b6a3cdb078fa",
                "sha256:10c0eb7e0c75e1e486c7563fe231b40fdd658a035ae125c6ba651ca3b07936f5",
                "sha256:1146bf85ea37ac421594107195db8bc77104f74bc83e8ee21a2e58596bfb2f04",
                "sha256:1670fe88b116c2745a3a30b0f099b699a02bb3482c2591514baf5433819e4f4d",
                "sha256:185c394ef45b18b9a7d8e8f333606e2e8194a50c6e3c664215aae8cf42c5385e",
                "sha256:1ad1de7fef79736dde8c3554e75361ec351158a906d747bd901a52a5c9c8d24b",
                "sha256:235dadefb793ad12f7fa11e98a480db1f7c6469ff9e3da5e73c7809c700d746b",
                "sha256:28afa96f496474ce60d3340fe8d9a263aa93ea01201cd2bad844c45cd21f5268",
                "sha256:2d97531cdfe9bdd76d492e69800afd97e5930cb0da6a825646667b2c6c6c0211",
                "sha256:338fd4f071b242f26e9ca802f443edc588fa4ab60bfa81f38beaedf42eda226c",
                "sha256:36a10f43c5f3a55c2f680efe07aa93ef4a342d2960dd2b1b7ea2dd764fe4a37c",
                "sha256:3d21b9983da032505f7050795e98b5d9eee0df903258951566ecc358f6696969",
                "sha256:51bbcdea96cdefa4a9b4461e690c75ad4e33796530d182bdd5c38980202c134a",
                "sha256:53ed1c879b10de56f35daf06dbc4a0d9a5db98f6ee853c2dbd3ee9d13e6f302f",
                "sha256:545d493c1f560d5ccfc134803ceb8955a14c3fcb47bbb4b2fee0232646d0b932",
                "sha256:584c902ec19ab7928fd5add1783c909094cc53f31ac7acfada817b0847975f26",
                "sha256:5a35455cc0b0b3a1eaf67224035f5388591ec72b9b6136d66b49a553ce9eb1e6",
                "sha256:5df58d206e78c40da118a8c14fc189207fffdcb1f21b3b4c9c0c18e839b5a214",
                "sha256:64c9cc089f127e5875901ac05e5c25aa13cfa5dbbbd9602bda51e5c611d6e3e2",
                "sha256:68f85ecae7af14a585a563ac741b0547a3f291de81cd1e20903e79f25170458f",
                "sha256:6970ed7a3126cfed873c5d21ece1cd5d6f83ca6c9afb71bbae21a0b034588d96",
                "sha256:6b68742c469745d0e6ca5724506858f75e2f1e5b59a4315861f9e2b1df77775a",
                "sha256:7a5baef8a4284405d96c90c7c62b755e9ef1ada84c2406c24a9ebec86b89f46d",
                "sha256:7d10cc1b594951522e35a3463da19e899abe6ca95f3c84c69e9e901e0bd93d38",
                "sha256:85c89131d7b3218db1b24c4abecea92fd6c7f9fab87441cfc342d3acc725d807",
                "sha256:8a11d459338f96a9aa7f232ba95679fc0c7cedbd1b990d736467894210205c09",
                "sha256:8c13ca5e2ddded0ce6a927ea5a9f27cae77eee4c75547b4297252cb20c4d30e6",
                "sha256:9cd684927af3e11b6e754df80b9ffafd9fb6adcaa9d3e8fdd5891be5a5cad51e",
                "sha256:b2efbd67feff8c1f7728937c0d7f6ca8c25ec81373dc8db4ef394c1d93d13dc5",
                "sha256:b39e006b00c57125ab974362e740c14a0c6a66ff695bff44615dcf4a70ce2b86",
                "sha256:b6c8e30adfa52c025f042a87f450a6b9ea29649d828e0fec4858ed5e6caecf63",
                "sha256:be79e2393679eda6a590638abda16d167754393f5d0850dcbca2d0c3735cebe2",
                "sha256:c05f16701ab2a4ca146d0bca950af254cb7c02f3c01fca8efbbad82d23b3d9d4",
                "sha256:c4057c3b511bb8aef605616bd3f1f002a697c7e4da6adf095ca5b84c0fd43595",
                "sha256:c4a65310ccb5c9910c47b078ba78e2787cb3878cdded1702ac3d0da71ddc5228",
                "sha256:ca0b3a94ac8d3886c9581b9f9de3ce858263865fdaa383fbc31c310b9eac07c9",
                "sha256:cc28e90a7cae7fcba2493953cff61da5a52950e78dc2dacfe931a317ee3d8de7",
                "sha256:cdf7365063e80899ae3a697def1277c17a7df7ccfc979990a403dfe77bb54d40",
                "sha256:d69858c32f09c3e1ce44b617b3ebba1aba030e777000ebdf72b0d8e365d0b2b3",
                "sha256:dbead71dbe65f959b7bd8cf91e0e11d5338033eba34c114f69078d59827ee139",
                "sha256:dcbe82b35d1ac43b0d84072408330fd3295c2896973112d495e7234f7e3da2e1",
                "sha256:dfc91d4720d48e2a709e9c368d5125b4b5899dced34b5400c3837dadc7d6271b",
                "sha256:eded5138cc565a9d618e111c6d5c2547bbdd951114eb822f7f6309e04db0fb47",
                "sha256:f4324929c2dd917598212bfd554757feca3e5e0fa60da08be11b4aa8b90013c1",
                "sha256:fb66215277a230c456f9038d5e2d84778141643207f85336ef8d2a9da26bd7ca"
            ],
            "markers": "python_version >= '3.8'",
            "version": "==3.10.5"
        },
        "shortuuid": {
            "hashes": [
                "sha256:3bb9cf07f606260584b1df46399c0b87dd84773e7b25912b7e391e30797c5e72",
                "sha256:a482a497300b49b4953e15108a7913244e1bb0d41f9d332f5e9925dba33a3c5a"
            ],
            "markers": "python_version >= '3.6'",
            "version": "==1.0.13"
        },
        "soupsieve": {
            "hashes": [
                "sha256:5663d5a7b3bfaeee0bc4372e7fc48f9cff4940b3eec54a6451cc5299f1097690",
                "sha256:eaa337ff55a1579b6549dc679565eac1e3d000563bcb1c8ab0d0fefbc0c2cdc7"
            ],
            "markers": "python_version >= '3.8'",
            "version": "==2.5"
        },
        "sqlparse": {
            "hashes": [
                "sha256:714d0a4932c059d16189f58ef5411ec2287a4360f17cdd0edd2d09d4c5087c93",
                "sha256:c204494cd97479d0e39f28c93d46c0b2d5959c7b9ab904762ea6c7af211c8663"
            ],
            "markers": "python_version >= '3.8'",
            "version": "==0.5.0"
        },
        "typing-extensions": {
            "hashes": [
                "sha256:04e5ca0351e0f3f85c6853954072df659d0d13fac324d0072316b67d7794700d",
                "sha256:1a7ead55c7e559dd4dee8856e3a88b41225abfe1ce8df57b7c13915fe121ffb8"
            ],
            "markers": "python_version < '3.11'",
            "version": "==4.12.2"
        },
        "tzdata": {
            "hashes": [
                "sha256:2674120f8d891909751c38abcdfd386ac0a5a1127954fbc332af6b5ceae07efd",
                "sha256:9068bc196136463f5245e51efda838afa15aaeca9903f49050dfa2679db4d252"
            ],
            "markers": "sys_platform == 'win32'",
            "version": "==2024.1"
        }
    },
    "develop": {}
}
